
Microsoft Visual Studio Solution File, Format Version 12.00
# Visual Studio Version 16
VisualStudioVersion = 16.0.30011.22
MinimumVisualStudioVersion = 10.0.40219.1
Project("{FAE04EC0-301F-11D3-BF4B-00C04F79EFBC}") = "Infected", "Infected\Infected.csproj", "{364BC5B4-C814-46F5-AC00-559D6DCAE678}"
EndProject
Project("{FAE04EC0-301F-11D3-BF4B-00C04F79EFBC}") = "InfectedLibrary", "InfectedLibrary\InfectedLibrary.csproj", "{1589B62F-FC3E-48AB-95D4-1468993B4489}"
EndProject
Global
	GlobalSection(SolutionConfigurationPlatforms) = preSolution
		Debug|Any CPU = Debug|Any CPU
		Release|Any CPU = Release|Any CPU
	EndGlobalSection
	GlobalSection(ProjectConfigurationPlatforms) = postSolution
		{364BC5B4-C814-46F5-AC00-559D6DCAE678}.Debug|Any CPU.ActiveCfg = Debug|Any CPU
		{364BC5B4-C814-46F5-AC00-559D6DCAE678}.Debug|Any CPU.Build.0 = Debug|Any CPU
		{364BC5B4-C814-46F5-AC00-559D6DCAE678}.Release|Any CPU.ActiveCfg = Release|Any CPU
		{364BC5B4-C814-46F5-AC00-559D6DCAE678}.Release|Any CPU.Build.0 = Release|Any CPU
		{1589B62F-FC3E-48AB-95D4-1468993B4489}.Debug|Any CPU.ActiveCfg = Debug|Any CPU
		{1589B62F-FC3E-48AB-95D4-1468993B4489}.Debug|Any CPU.Build.0 = Debug|Any CPU
		{1589B62F-FC3E-48AB-95D4-1468993B4489}.Release|Any CPU.ActiveCfg = Release|Any CPU
		{1589B62F-FC3E-48AB-95D4-1468993B4489}.Release|Any CPU.Build.0 = Release|Any CPU
	EndGlobalSection
	GlobalSection(SolutionProperties) = preSolution
		HideSolutionNode = FALSE
	EndGlobalSection
	GlobalSection(ExtensibilityGlobals) = postSolution
		SolutionGuid = {4FC5B023-BDF7-452D-860A-3EAB68ABA276}
	EndGlobalSection
EndGlobal
